DEPENDENCIES
  chef_pivx
    path: .
    metadata: true

GRAPH
  build-essential (8.0.3)
    mingw (>= 1.1)
    seven_zip (>= 0.0.0)
  chef_pivx (0.1.0)
    build-essential (>= 0.0.0)
  mingw (2.0.1)
    seven_zip (>= 0.0.0)
  ohai (5.2.0)
  seven_zip (2.0.2)
    windows (>= 1.2.2)
  windows (3.4.0)
    ohai (>= 4.0.0)
